
Microsoft Visual Studio Solution File, Format Version 12.00
# Visual Studio Version 16
VisualStudioVersion = 16.0.30104.148
MinimumVisualStudioVersion = 10.0.40219.1
Project("{9A19103F-16F7-4668-BE54-9A1E7A4F7556}") = "Proyecto_Final", "Proyecto_Final.csproj", "{BD3A1C2E-E5CC-4BF7-B9D5-307734A6BC4F}"
EndProject
Global
	GlobalSection(SolutionConfigurationPlatforms) = preSolution
		Debug|Any CPU = Debug|Any CPU
		Release|Any CPU = Release|Any CPU
	EndGlobalSection
	GlobalSection(ProjectConfigurationPlatforms) = postSolution
		{BD3A1C2E-E5CC-4BF7-B9D5-307734A6BC4F}.Debug|Any CPU.ActiveCfg = Debug|Any CPU
		{BD3A1C2E-E5CC-4BF7-B9D5-307734A6BC4F}.Debug|Any CPU.Build.0 = Debug|Any CPU
		{BD3A1C2E-E5CC-4BF7-B9D5-307734A6BC4F}.Release|Any CPU.ActiveCfg = Release|Any CPU
		{BD3A1C2E-E5CC-4BF7-B9D5-307734A6BC4F}.Release|Any CPU.Build.0 = Release|Any CPU
	EndGlobalSection
	GlobalSection(SolutionProperties) = preSolution
		HideSolutionNode = FALSE
	EndGlobalSection
	GlobalSection(ExtensibilityGlobals) = postSolution
		SolutionGuid = {117CA767-BBE4-4EB2-B75D-A467E88A9B99}
	EndGlobalSection
EndGlobal
